
Microsoft Visual Studio Solution File, Format Version 12.00
# Visual Studio 14
VisualStudioVersion = 14.0.25420.1
MinimumVisualStudioVersion = 10.0.40219.1
Project("{FAE04EC0-301F-11D3-BF4B-00C04F79EFBC}") = "FrostbitePlugin", "FrostbitePlugin.csproj", "{CA79BA0B-0D80-476A-B793-FC7EF6DCEAD7}"
EndProject
Project("{FAE04EC0-301F-11D3-BF4B-00C04F79EFBC}") = "ReClass.NET", "..\ReClass.NET\ReClass.NET.csproj", "{BFB8917D-E9B4-463F-A6E8-612C35728C78}"
EndProject
Global
	GlobalSection(SolutionConfigurationPlatforms) = preSolution
		Debug|Any CPU = Debug|Any CPU
		Debug|x64 = Debug|x64
		Debug|x86 = Debug|x86
		Release|Any CPU = Release|Any CPU
		Release|x64 = Release|x64
		Release|x86 = Release|x86
	EndGlobalSection
	GlobalSection(ProjectConfigurationPlatforms) = postSolution
		{CA79BA0B-0D80-476A-B793-FC7EF6DCEAD7}.Debug|Any CPU.ActiveCfg = Debug|x86
		{CA79BA0B-0D80-476A-B793-FC7EF6DCEAD7}.Debug|x64.ActiveCfg = Debug|x64
		{CA79BA0B-0D80-476A-B793-FC7EF6DCEAD7}.Debug|x64.Build.0 = Debug|x64
		{CA79BA0B-0D80-476A-B793-FC7EF6DCEAD7}.Debug|x86.ActiveCfg = Debug|x86
		{CA79BA0B-0D80-476A-B793-FC7EF6DCEAD7}.Debug|x86.Build.0 = Debug|x86
		{CA79BA0B-0D80-476A-B793-FC7EF6DCEAD7}.Release|Any CPU.ActiveCfg = Release|x86
		{CA79BA0B-0D80-476A-B793-FC7EF6DCEAD7}.Release|x64.ActiveCfg = Release|x64
		{CA79BA0B-0D80-476A-B793-FC7EF6DCEAD7}.Release|x64.Build.0 = Release|x64
		{CA79BA0B-0D80-476A-B793-FC7EF6DCEAD7}.Release|x86.ActiveCfg = Release|x86
		{CA79BA0B-0D80-476A-B793-FC7EF6DCEAD7}.Release|x86.Build.0 = Release|x86
		{BFB8917D-E9B4-463F-A6E8-612C35728C78}.Debug|Any CPU.ActiveCfg = Debug|x86
		{BFB8917D-E9B4-463F-A6E8-612C35728C78}.Debug|x64.ActiveCfg = Debug|x64
		{BFB8917D-E9B4-463F-A6E8-612C35728C78}.Debug|x64.Build.0 = Debug|x64
		{BFB8917D-E9B4-463F-A6E8-612C35728C78}.Debug|x86.ActiveCfg = Debug|x86
		{BFB8917D-E9B4-463F-A6E8-612C35728C78}.Debug|x86.Build.0 = Debug|x86
		{BFB8917D-E9B4-463F-A6E8-612C35728C78}.Release|Any CPU.ActiveCfg = Release|x86
		{BFB8917D-E9B4-463F-A6E8-612C35728C78}.Release|x64.ActiveCfg = Release|x64
		{BFB8917D-E9B4-463F-A6E8-612C35728C78}.Release|x64.Build.0 = Release|x64
		{BFB8917D-E9B4-463F-A6E8-612C35728C78}.Release|x86.ActiveCfg = Release|x86
		{BFB8917D-E9B4-463F-A6E8-612C35728C78}.Release|x86.Build.0 = Release|x86
	EndGlobalSection
	GlobalSection(SolutionProperties) = preSolution
		HideSolutionNode = FALSE
	EndGlobalSection
EndGlobal
